
Microsoft Visual Studio Solution File, Format Version 12.00
# Visual Studio Version 17
VisualStudioVersion = 17.6.33723.286
MinimumVisualStudioVersion = 10.0.40219.1
Project("{9A19103F-16F7-4668-BE54-9A1E7A4F7556}") = "ContactWebEFCore6", "ContactWebEFCore6\ContactWebEFCore6.csproj", "{AC39A94E-5C2D-4044-B55A-36FC7A2A1582}"
EndProject
Project("{FAE04EC0-301F-11D3-BF4B-00C04F79EFBC}") = "ContactWebModels", "ContactWebModels\ContactWebModels.csproj", "{B2DD95B3-E224-497B-98D5-B29B2F1CF130}"
EndProject
Project("{FAE04EC0-301F-11D3-BF4B-00C04F79EFBC}") = "MyContactManagerData", "MyContactManagerData\MyContactManagerData.csproj", "{CFC86206-1008-4582-9CB7-A30099E02C8B}"
EndProject
Global
	GlobalSection(SolutionConfigurationPlatforms) = preSolution
		Debug|Any CPU = Debug|Any CPU
		Release|Any CPU = Release|Any CPU
	EndGlobalSection
	GlobalSection(ProjectConfigurationPlatforms) = postSolution
		{AC39A94E-5C2D-4044-B55A-36FC7A2A1582}.Debug|Any CPU.ActiveCfg = Debug|Any CPU
		{AC39A94E-5C2D-4044-B55A-36FC7A2A1582}.Debug|Any CPU.Build.0 = Debug|Any CPU
		{AC39A94E-5C2D-4044-B55A-36FC7A2A1582}.Release|Any CPU.ActiveCfg = Release|Any CPU
		{AC39A94E-5C2D-4044-B55A-36FC7A2A1582}.Release|Any CPU.Build.0 = Release|Any CPU
		{B2DD95B3-E224-497B-98D5-B29B2F1CF130}.Debug|Any CPU.ActiveCfg = Debug|Any CPU
		{B2DD95B3-E224-497B-98D5-B29B2F1CF130}.Debug|Any CPU.Build.0 = Debug|Any CPU
		{B2DD95B3-E224-497B-98D5-B29B2F1CF130}.Release|Any CPU.ActiveCfg = Release|Any CPU
		{B2DD95B3-E224-497B-98D5-B29B2F1CF130}.Release|Any CPU.Build.0 = Release|Any CPU
		{CFC86206-1008-4582-9CB7-A30099E02C8B}.Debug|Any CPU.ActiveCfg = Debug|Any CPU
		{CFC86206-1008-4582-9CB7-A30099E02C8B}.Debug|Any CPU.Build.0 = Debug|Any CPU
		{CFC86206-1008-4582-9CB7-A30099E02C8B}.Release|Any CPU.ActiveCfg = Release|Any CPU
		{CFC86206-1008-4582-9CB7-A30099E02C8B}.Release|Any CPU.Build.0 = Release|Any CPU
	EndGlobalSection
	GlobalSection(SolutionProperties) = preSolution
		HideSolutionNode = FALSE
	EndGlobalSection
	GlobalSection(ExtensibilityGlobals) = postSolution
		SolutionGuid = {29BF68DE-C196-4EA2-AF05-F27691AFFF5D}
	EndGlobalSection
EndGlobal
